<?xml version="1.0" encoding="utf-8"?>
<Project ToolsVersion="4.0" xmlns="http://schemas.microsoft.com/developer/msbuild/2003">
  <ItemGroup>
    <Filter Include="Source Files">
      <UniqueIdentifier>{4FC737F1-C7A5-4376-A066-2A32D752A2FF}</UniqueIdentifier>
      <Extensions>cpp;c;cc;cxx;def;odl;idl;hpj;bat;asm;asmx</Extensions>
    </Filter>
    <Filter Include="Header Files">
      <UniqueIdentifier>{93995380-89BD-4b04-88EB-625FBE52EBFB}</UniqueIdentifier>
      <Extensions>h;hh;hpp;hxx;hm;inl;inc;xsd</Extensions>
    </Filter>
    <Filter Include="Resource Files">
      <UniqueIdentifier>{67DA6AB6-F800-4c08-8B7A-83BB121AAD01}</UniqueIdentifier>
      <Extensions>rc;ico;cur;bmp;dlg;rc2;rct;bin;rgs;gif;jpg;jpeg;jpe;resx;tiff;tif;png;wav;mfcribbon-ms</Extensions>
    </Filter>
    <Filter Include="Resource Files\shaders">
      <UniqueIdentifier>{78f0ca6d-bd9e-490f-a64a-454bafcb2638}</UniqueIdentifier>
    </Filter>
  </ItemGroup>
  <ItemGroup>
    <None Include="packages.config" />
    <None Include="resources\shaders\solid_coloured_fragment_shader.glsl" />
    <None Include="resources\shaders\textured_3d_vertex_shader.glsl" />
    <None Include="resources\shaders\textured_fragment_shader.glsl" />
    <None Include="resources\shaders\textureless_3d_vertex_shader.glsl" />
  </ItemGroup>
  <ItemGroup>
    <ClCompile Include="main.cpp">
      <Filter>Source Files</Filter>
    </ClCompile>
    <ClCompile Include="src\graphics\graphics.cpp">
      <Filter>Source Files</Filter>
    </ClCompile>
    <ClCompile Include="src\graphics\graphics_objects\mesh.cpp">
      <Filter>Source Files</Filter>
    </ClCompile>
    <ClCompile Include="src\graphics\graphics_objects\texture.cpp">
      <Filter>Source Files</Filter>
    </ClCompile>
    <ClCompile Include="src\game\checkers_game.cpp">
      <Filter>Source Files</Filter>
    </ClCompile>
    <ClCompile Include="src\checkers\checkers_model.cpp">
      <Filter>Source Files</Filter>
    </ClCompile>
    <ClCompile Include="src\checkers\checkers_ai.cpp">
      <Filter>Source Files</Filter>
    </ClCompile>
    <ClCompile Include="src\graphics\graphics_objects\program.cpp">
      <Filter>Source Files</Filter>
    </ClCompile>
  </ItemGroup>
  <ItemGroup>
    <ClInclude Include="src\graphics\graphics.h">
      <Filter>Header Files</Filter>
    </ClInclude>
    <ClInclude Include="src\graphics\model.h">
      <Filter>Header Files</Filter>
    </ClInclude>
    <ClInclude Include="src\graphics\graphics_objects\material.h">
      <Filter>Header Files</Filter>
    </ClInclude>
    <ClInclude Include="src\graphics\graphics_objects\mesh.h">
      <Filter>Header Files</Filter>
    </ClInclude>
    <ClInclude Include="src\graphics\graphics_objects\texture.h">
      <Filter>Header Files</Filter>
    </ClInclude>
    <ClInclude Include="src\math\ray.h">
      <Filter>Header Files</Filter>
    </ClInclude>
    <ClInclude Include="src\graphics\mesh_data\plane.h">
      <Filter>Header Files</Filter>
    </ClInclude>
    <ClInclude Include="src\game\checkers_game.h">
      <Filter>Header Files</Filter>
    </ClInclude>
    <ClInclude Include="src\checkers\checkers_model.h">
      <Filter>Header Files</Filter>
    </ClInclude>
    <ClInclude Include="src\graphics\graphics_objects\program.h">
      <Filter>Header Files</Filter>
    </ClInclude>
    <ClInclude Include="src\checkers\checkers_ai.h">
      <Filter>Header Files</Filter>
    </ClInclude>
    <ClInclude Include="src\graphics\graphics_objects\light.h">
      <Filter>Header Files</Filter>
    </ClInclude>
  </ItemGroup>
  <ItemGroup>
    <Image Include="resources\Board.bmp">
      <Filter>Resource Files</Filter>
    </Image>
    <Image Include="resources\PlayerLost.bmp">
      <Filter>Resource Files</Filter>
    </Image>
    <Image Include="resources\PlayerWon.bmp">
      <Filter>Resource Files</Filter>
    </Image>
    <Image Include="resources\StaleMate.bmp">
      <Filter>Resource Files</Filter>
    </Image>
    <Image Include="resources\StaleMate.png">
      <Filter>Resource Files</Filter>
    </Image>
    <Image Include="resources\Board.png">
      <Filter>Resource Files</Filter>
    </Image>
    <Image Include="resources\PlayerLost.png">
      <Filter>Resource Files</Filter>
    </Image>
    <Image Include="resources\PlayerWon.png">
      <Filter>Resource Files</Filter>
    </Image>
  </ItemGroup>
</Project>